
Microsoft Visual Studio Solution File, Format Version 12.00
# Visual Studio Version 16
VisualStudioVersion = 16.0.32802.440
MinimumVisualStudioVersion = 10.0.40219.1
Project("{FAE04EC0-301F-11D3-BF4B-00C04F79EFBC}") = "HelloEmgu", "HelloEmgu\HelloEmgu.csproj", "{06290BD8-3796-4347-86F2-99C841A96188}"
EndProject
Global
	GlobalSection(SolutionConfigurationPlatforms) = preSolution
		Debug|Any CPU = Debug|Any CPU
		Release|Any CPU = Release|Any CPU
	EndGlobalSection
	GlobalSection(ProjectConfigurationPlatforms) = postSolution
		{06290BD8-3796-4347-86F2-99C841A96188}.Debug|Any CPU.ActiveCfg = Debug|Any CPU
		{06290BD8-3796-4347-86F2-99C841A96188}.Debug|Any CPU.Build.0 = Debug|Any CPU
		{06290BD8-3796-4347-86F2-99C841A96188}.Release|Any CPU.ActiveCfg = Release|Any CPU
		{06290BD8-3796-4347-86F2-99C841A96188}.Release|Any CPU.Build.0 = Release|Any CPU
	EndGlobalSection
	GlobalSection(SolutionProperties) = preSolution
		HideSolutionNode = FALSE
	EndGlobalSection
	GlobalSection(ExtensibilityGlobals) = postSolution
		SolutionGuid = {4C6A63ED-2A52-4C84-93BB-6A9D20D4C572}
	EndGlobalSection
EndGlobal
